name: pyshbundle
channels:
  - conda-forge
  - defaults
dependencies:
  - _openmp_mutex=4.5
  - _python_abi3_support=1.0
  - affine=2.4.0
  - attrs=26.1.0
  - aws-c-auth=0.10.1
  - aws-c-cal=0.9.13
  - aws-c-common=0.12.6
  - aws-c-compression=0.3.2
  - aws-c-http=0.10.12
  - aws-c-io=0.26.3
  - aws-c-s3=0.11.5
  - aws-c-sdkutils=0.2.4
  - aws-checksums=0.2.10
  - backports.zstd=1.3.0
  - blosc=1.21.6
  - branca=0.8.2
  - brotli=1.2.0
  - brotli-bin=1.2.0
  - brotli-python=1.2.0
  - bzip2=1.0.8
  - c-ares=1.34.6
  - ca-certificates=2026.2.25
  - cartopy=0.25.0
  - certifi=2026.2.25
  - cftime=1.6.5
  - charset-normalizer=3.4.7
  - click=8.3.2
  - click-plugins=1.1.1.2
  - cligj=0.7.2
  - colorama=0.4.6
  - contourpy=1.3.3
  - coverage=7.13.5
  - cpython=3.14.4
  - cycler=0.12.1
  - exceptiongroup=1.3.1
  - folium=0.20.0
  - fonttools=4.62.0
  - freetype=2.14.3
  - freexl=2.0.0
  - geopandas=1.1.3
  - geopandas-base=1.1.3
  - geos=3.14.1
  - giflib=5.2.2
  - h2=4.3.0
  - hdf4=4.2.15
  - hdf5=2.1.0
  - hpack=4.1.0
  - hyperframe=6.1.0
  - icu=78.3
  - idna=3.11
  - iniconfig=2.3.0
  - jinja2=3.1.6
  - joblib=1.5.3
  - json-c=0.18
  - kiwisolver=1.5.0
  - krb5=1.22.2
  - lcms2=2.18
  - lerc=4.1.0
  - libaec=1.1.5
  - libarchive=3.8.6
  - libblas=3.11.0
  - libbrotlicommon=1.2.0
  - libbrotlidec=1.2.0
  - libbrotlienc=1.2.0
  - libcblas=3.11.0
  - libcurl=8.19.0
  - libcxx=22.1.3
  - libdeflate=1.25
  - libedit=3.1.20250104
  - libev=4.33
  - libexpat=2.7.5
  - libffi=3.5.2
  - libfreetype=2.14.3
  - libfreetype6=2.14.3
  - libgcc=15.2.0
  - libgdal-core=3.12.3
  - libgfortran=15.2.0
  - libgfortran5=15.2.0
  - libhwy=1.3.0
  - libiconv=1.18
  - libjpeg-turbo=3.1.4.1
  - libjxl=0.11.2
  - libkml=1.3.0
  - liblapack=3.11.0
  - liblzma=5.8.3
  - libmpdec=4.0.0
  - libnetcdf=4.10.0
  - libnghttp2=1.68.1
  - libopenblas=0.3.32
  - libpng=1.6.57
  - librttopo=1.1.0
  - libspatialite=5.1.0
  - libsqlite=3.53.0
  - libssh2=1.11.1
  - libtiff=4.7.1
  - libwebp-base=1.6.0
  - libxcb=1.17.0
  - libxml2=2.15.2
  - libxml2-16=2.15.2
  - libxml2-devel=2.15.2
  - libzip=1.11.2
  - libzlib=1.3.2
  - llvm-openmp=22.1.3
  - lz4-c=1.10.0
  - lzo=2.10
  - mapclassify=2.10.0
  - markupsafe=3.0.3
  - matplotlib=3.10.8
  - matplotlib-base=3.10.8
  - minizip=4.0.10
  - munkres=1.1.4
  - muparser=2.3.5
  - ncurses=6.5
  - netcdf4=1.7.4
  - networkx=3.6.1
  - numpy=2.4.3
  - openjpeg=2.5.4
  - openssl=3.6.2
  - packaging=26.0
  - pandas=3.0.2
  - pcre2=10.47
  - pillow=12.2.0
  - pip=26.0.1
  - pluggy=1.6.0
  - proj=9.7.1
  - pthread-stubs=0.4
  - pygments=2.20.0
  - pyogrio=0.12.1
  - pyparsing=3.3.2
  - pyproj=3.7.2
  - pyshp=3.0.3
  - pysocks=1.7.1
  - pytest=9.0.3
  - pytest-cov=7.1.0
  - python=3.14.4
  - python-dateutil=2.9.0.post0
  - python-gil=3.14.4
  - python_abi=3.14
  - qhull=2020.2
  - rasterio=1.5.0
  - readline=8.3
  - requests=2.33.1
  - rioxarray=0.22.0
  - scikit-learn=1.8.0
  - scipy=1.17.1
  - setuptools=82.0.1
  - shapely=2.1.2
  - six=1.17.0
  - snappy=1.2.2
  - snuggs=1.4.7
  - sqlite=3.53.0
  - threadpoolctl=3.6.0
  - tk=8.6.13
  - tomli=2.4.1
  - tornado=6.5.5
  - tqdm=4.67.3
  - typing_extensions=4.15.0
  - unicodedata2=17.0.1
  - uriparser=0.9.8
  - urllib3=2.6.3
  - xarray=2026.2.0
  - xerces-c=3.3.0
  - xorg-libxau=1.0.12
  - xorg-libxdmcp=1.1.5
  - xyzservices=2026.3.0
  - zlib=1.3.2
  - zlib-ng=2.3.3
  - zstd=1.5.7
  - pip:
      - anyio==4.13.0
      - appnope==0.1.4
      - argon2-cffi==25.1.0
      - argon2-cffi-bindings==25.1.0
      - arrow==1.4.0
      - asttokens==3.0.1
      - async-lru==2.3.0
      - babel==2.18.0
      - beautifulsoup4==4.14.3
      - bleach==6.3.0
      - cffi==2.0.0
      - comm==0.2.3
      - debugpy==1.8.20
      - decorator==5.2.1
      - defusedxml==0.7.1
      - executing==2.2.1
      - fastjsonschema==2.21.2
      - fqdn==1.5.1
      - h11==0.16.0
      - httpcore==1.0.9
      - httpx==0.28.1
      - ipykernel==7.2.0
      - ipython==9.12.0
      - ipython-pygments-lexers==1.1.1
      - isoduration==20.11.0
      - jedi==0.19.2
      - json5==0.14.0
      - jsonpointer==3.1.1
      - jsonschema==4.26.0
      - jsonschema-specifications==2025.9.1
      - julian==0.14
      - jupyter-client==8.8.0
      - jupyter-core==5.9.1
      - jupyter-events==0.12.0
      - jupyter-lsp==2.3.1
      - jupyter-server==2.17.0
      - jupyter-server-terminals==0.5.4
      - jupyterlab==4.5.6
      - jupyterlab-pygments==0.3.0
      - jupyterlab-server==2.28.0
      - lark==1.3.1
      - matplotlib-inline==0.2.1
      - mistune==3.2.0
      - nbclient==0.10.4
      - nbconvert==7.17.1
      - nbformat==5.10.4
      - nest-asyncio==1.6.0
      - notebook-shim==0.2.4
      - pandocfilters==1.5.1
      - parso==0.8.6
      - pexpect==4.9.0
      - platformdirs==4.9.6
      - prometheus-client==0.25.0
      - prompt-toolkit==3.0.52
      - psutil==7.2.2
      - ptyprocess==0.7.0
      - pure-eval==0.2.3
      - pycparser==3.0
      - pyshbundle==0.3.0
      - python-json-logger==4.1.0
      - pyyaml==6.0.3
      - pyzmq==27.1.0
      - referencing==0.37.0
      - rfc3339-validator==0.1.4
      - rfc3986-validator==0.1.1
      - rfc3987-syntax==1.1.0
      - rpds-py==0.30.0
      - send2trash==2.1.0
      - soupsieve==2.8.3
      - stack-data==0.6.3
      - terminado==0.18.1
      - tinycss2==1.4.0
      - traitlets==5.14.3
      - tzdata==2026.1
      - uri-template==1.3.0
      - wcwidth==0.6.0
      - webcolors==25.10.0
      - webencodings==0.5.1
      - websocket-client==1.9.0
prefix: /Users/vivekkumarya/miniconda3/envs/pyshbundle
